
Microsoft Visual Studio Solution File, Format Version 12.00
# Visual Studio Version 17
VisualStudioVersion = 17.13.35825.156
MinimumVisualStudioVersion = 10.0.40219.1
Project("{FAE04EC0-301F-11D3-BF4B-00C04F79EFBC}") = "TechTechie.WebApi", "TechTechie.WebApi\TechTechie.WebApi.csproj", "{9377FBEE-BD66-4E46-A5C3-E9E69199C1DD}"
EndProject
Project("{FAE04EC0-301F-11D3-BF4B-00C04F79EFBC}") = "TechTechie.Services", "TechTechie.Services\TechTechie.Services.csproj", "{55D15628-503B-489D-9C98-CEFB915F2B1A}"
EndProject
Project("{FAE04EC0-301F-11D3-BF4B-00C04F79EFBC}") = "TechTechie.PostgresRepository", "TechTechie.PostgresRepository\TechTechie.PostgresRepository.csproj", "{80C999CB-0815-4CB5-9C30-52036571F601}"
EndProject
Project("{FAE04EC0-301F-11D3-BF4B-00C04F79EFBC}") = "TechTechie.Common", "TechTechie.Common\TechTechie.Common.csproj", "{66DB664A-2296-413F-8BD4-77D6672156AB}"
EndProject
Project("{FAE04EC0-301F-11D3-BF4B-00C04F79EFBC}") = "TechTechie.AI.Providers", "Techtechie.AI.Providers\TechTechie.AI.Providers.csproj", "{46D0FE40-2486-42E6-ABF8-C2DEE6F95EE8}"
EndProject
Project("{00D1A9C2-B5F0-4AF3-8072-F6C62B433612}") = "TechTechie.MsSqlScript", "TechTechie.MsSqlScript\TechTechie.MsSqlScript.sqlproj", "{18051F27-7C6D-442D-928C-0E61B72E4F39}"
EndProject
Global
	GlobalSection(SolutionConfigurationPlatforms) = preSolution
		Debug|Any CPU = Debug|Any CPU
		Release|Any CPU = Release|Any CPU
	EndGlobalSection
	GlobalSection(ProjectConfigurationPlatforms) = postSolution
		{9377FBEE-BD66-4E46-A5C3-E9E69199C1DD}.Debug|Any CPU.ActiveCfg = Debug|Any CPU
		{9377FBEE-BD66-4E46-A5C3-E9E69199C1DD}.Debug|Any CPU.Build.0 = Debug|Any CPU
		{9377FBEE-BD66-4E46-A5C3-E9E69199C1DD}.Release|Any CPU.ActiveCfg = Release|Any CPU
		{9377FBEE-BD66-4E46-A5C3-E9E69199C1DD}.Release|Any CPU.Build.0 = Release|Any CPU
		{55D15628-503B-489D-9C98-CEFB915F2B1A}.Debug|Any CPU.ActiveCfg = Debug|Any CPU
		{55D15628-503B-489D-9C98-CEFB915F2B1A}.Debug|Any CPU.Build.0 = Debug|Any CPU
		{55D15628-503B-489D-9C98-CEFB915F2B1A}.Release|Any CPU.ActiveCfg = Release|Any CPU
		{55D15628-503B-489D-9C98-CEFB915F2B1A}.Release|Any CPU.Build.0 = Release|Any CPU
		{80C999CB-0815-4CB5-9C30-52036571F601}.Debug|Any CPU.ActiveCfg = Debug|Any CPU
		{80C999CB-0815-4CB5-9C30-52036571F601}.Debug|Any CPU.Build.0 = Debug|Any CPU
		{80C999CB-0815-4CB5-9C30-52036571F601}.Release|Any CPU.ActiveCfg = Release|Any CPU
		{80C999CB-0815-4CB5-9C30-52036571F601}.Release|Any CPU.Build.0 = Release|Any CPU
		{66DB664A-2296-413F-8BD4-77D6672156AB}.Debug|Any CPU.ActiveCfg = Debug|Any CPU
		{66DB664A-2296-413F-8BD4-77D6672156AB}.Debug|Any CPU.Build.0 = Debug|Any CPU
		{66DB664A-2296-413F-8BD4-77D6672156AB}.Release|Any CPU.ActiveCfg = Release|Any CPU
		{66DB664A-2296-413F-8BD4-77D6672156AB}.Release|Any CPU.Build.0 = Release|Any CPU
		{46D0FE40-2486-42E6-ABF8-C2DEE6F95EE8}.Debug|Any CPU.ActiveCfg = Debug|Any CPU
		{46D0FE40-2486-42E6-ABF8-C2DEE6F95EE8}.Debug|Any CPU.Build.0 = Debug|Any CPU
		{46D0FE40-2486-42E6-ABF8-C2DEE6F95EE8}.Release|Any CPU.ActiveCfg = Release|Any CPU
		{46D0FE40-2486-42E6-ABF8-C2DEE6F95EE8}.Release|Any CPU.Build.0 = Release|Any CPU
		{18051F27-7C6D-442D-928C-0E61B72E4F39}.Debug|Any CPU.ActiveCfg = Debug|Any CPU
		{18051F27-7C6D-442D-928C-0E61B72E4F39}.Debug|Any CPU.Build.0 = Debug|Any CPU
		{18051F27-7C6D-442D-928C-0E61B72E4F39}.Debug|Any CPU.Deploy.0 = Debug|Any CPU
		{18051F27-7C6D-442D-928C-0E61B72E4F39}.Release|Any CPU.ActiveCfg = Release|Any CPU
		{18051F27-7C6D-442D-928C-0E61B72E4F39}.Release|Any CPU.Build.0 = Release|Any CPU
		{18051F27-7C6D-442D-928C-0E61B72E4F39}.Release|Any CPU.Deploy.0 = Release|Any CPU
	EndGlobalSection
	GlobalSection(SolutionProperties) = preSolution
		HideSolutionNode = FALSE
	EndGlobalSection
	GlobalSection(ExtensibilityGlobals) = postSolution
		SolutionGuid = {3993D4C2-7260-4714-893A-A0BF622E12EF}
	EndGlobalSection
EndGlobal
